
Microsoft Visual Studio Solution File, Format Version 12.00
# Visual Studio Version 16
VisualStudioVersion = 16.0.31019.35
MinimumVisualStudioVersion = 10.0.40219.1
Project("{9A19103F-16F7-4668-BE54-9A1E7A4F7556}") = "KampIntroASIL", "KampIntroASIL\KampIntroASIL.csproj", "{7DB48D41-551D-4364-9B73-8DDBD7A50BC4}"
EndProject
Project("{9A19103F-16F7-4668-BE54-9A1E7A4F7556}") = "Donguler", "Donguler\Donguler.csproj", "{32C3BE3B-1849-4F4F-BE77-5F2FAFFFF9EA}"
EndProject
Project("{9A19103F-16F7-4668-BE54-9A1E7A4F7556}") = "ClassIntro", "ClassIntro\ClassIntro.csproj", "{E2DC9A08-DA2A-4C92-8480-08949E431ED8}"
EndProject
Project("{9A19103F-16F7-4668-BE54-9A1E7A4F7556}") = "DeğerVeReferansTipler", "DeğerVeReferansTipler\DeğerVeReferansTipler.csproj", "{56FA8D21-1267-48A1-A5AB-FE9FFB0A8DE7}"
EndProject
Project("{9A19103F-16F7-4668-BE54-9A1E7A4F7556}") = "Deneme", "Deneme\Deneme.csproj", "{20935CE1-9513-4BEE-864D-D48818E950D0}"
EndProject
Project("{9A19103F-16F7-4668-BE54-9A1E7A4F7556}") = "Deneme2", "Deneme2\Deneme2.csproj", "{D7E59134-C9FE-4773-9CE0-5A96859BF9DC}"
EndProject
Project("{9A19103F-16F7-4668-BE54-9A1E7A4F7556}") = "Matematik", "Matematik\Matematik.csproj", "{81E40653-7D6B-4001-BD13-DED6F774D08D}"
EndProject
Project("{9A19103F-16F7-4668-BE54-9A1E7A4F7556}") = "Metotlar", "Metotlar\Metotlar.csproj", "{4E7E0DC2-2978-4BD8-BC0A-EC97DDD2980C}"
EndProject
Project("{9A19103F-16F7-4668-BE54-9A1E7A4F7556}") = "SartBloklari", "SartBloklari\SartBloklari.csproj", "{6CEB8CAC-4E3A-4927-A8AE-A7EB9B477D45}"
EndProject
Project("{9A19103F-16F7-4668-BE54-9A1E7A4F7556}") = "Diziler", "Diziler\Diziler.csproj", "{F43782F9-DE25-41C0-A6FC-E16EFBEB77C4}"
EndProject
Project("{9A19103F-16F7-4668-BE54-9A1E7A4F7556}") = "OOP1", "OOP1\OOP1.csproj", "{FA433659-65F8-4256-8E3B-CD79AA61B8D9}"
EndProject
Project("{9A19103F-16F7-4668-BE54-9A1E7A4F7556}") = "Koleksiyonlar", "Koleksiyonlar\Koleksiyonlar.csproj", "{D1093D04-170F-4FB3-953F-562D1C58A697}"
EndProject
Project("{9A19103F-16F7-4668-BE54-9A1E7A4F7556}") = "GenericsIntro", "GenericsIntro\GenericsIntro.csproj", "{4567778B-22AE-468A-9233-35802DB29159}"
EndProject
Project("{9A19103F-16F7-4668-BE54-9A1E7A4F7556}") = "Constructors", "Constructors\Constructors.csproj", "{1B17E815-B7D4-4DA0-AE69-1FAEDF1F7573}"
EndProject
Project("{FAE04EC0-301F-11D3-BF4B-00C04F79EFBC}") = "OOP2", "OOP2\OOP2.csproj", "{BDDF57CB-9847-4B8E-8FE3-B25E0F7F651F}"
EndProject
Project("{FAE04EC0-301F-11D3-BF4B-00C04F79EFBC}") = "OOP3(Interface)", "OOP3\OOP3(Interface).csproj", "{F1A17008-3C2D-442F-A861-BBD483EEAA52}"
EndProject
Global
	GlobalSection(SolutionConfigurationPlatforms) = preSolution
		Debug|Any CPU = Debug|Any CPU
		Release|Any CPU = Release|Any CPU
	EndGlobalSection
	GlobalSection(ProjectConfigurationPlatforms) = postSolution
		{7DB48D41-551D-4364-9B73-8DDBD7A50BC4}.Debug|Any CPU.ActiveCfg = Debug|Any CPU
		{7DB48D41-551D-4364-9B73-8DDBD7A50BC4}.Debug|Any CPU.Build.0 = Debug|Any CPU
		{7DB48D41-551D-4364-9B73-8DDBD7A50BC4}.Release|Any CPU.ActiveCfg = Release|Any CPU
		{7DB48D41-551D-4364-9B73-8DDBD7A50BC4}.Release|Any CPU.Build.0 = Release|Any CPU
		{32C3BE3B-1849-4F4F-BE77-5F2FAFFFF9EA}.Debug|Any CPU.ActiveCfg = Debug|Any CPU
		{32C3BE3B-1849-4F4F-BE77-5F2FAFFFF9EA}.Debug|Any CPU.Build.0 = Debug|Any CPU
		{32C3BE3B-1849-4F4F-BE77-5F2FAFFFF9EA}.Release|Any CPU.ActiveCfg = Release|Any CPU
		{32C3BE3B-1849-4F4F-BE77-5F2FAFFFF9EA}.Release|Any CPU.Build.0 = Release|Any CPU
		{E2DC9A08-DA2A-4C92-8480-08949E431ED8}.Debug|Any CPU.ActiveCfg = Debug|Any CPU
		{E2DC9A08-DA2A-4C92-8480-08949E431ED8}.Debug|Any CPU.Build.0 = Debug|Any CPU
		{E2DC9A08-DA2A-4C92-8480-08949E431ED8}.Release|Any CPU.ActiveCfg = Release|Any CPU
		{E2DC9A08-DA2A-4C92-8480-08949E431ED8}.Release|Any CPU.Build.0 = Release|Any CPU
		{56FA8D21-1267-48A1-A5AB-FE9FFB0A8DE7}.Debug|Any CPU.ActiveCfg = Debug|Any CPU
		{56FA8D21-1267-48A1-A5AB-FE9FFB0A8DE7}.Debug|Any CPU.Build.0 = Debug|Any CPU
		{56FA8D21-1267-48A1-A5AB-FE9FFB0A8DE7}.Release|Any CPU.ActiveCfg = Release|Any CPU
		{56FA8D21-1267-48A1-A5AB-FE9FFB0A8DE7}.Release|Any CPU.Build.0 = Release|Any CPU
		{20935CE1-9513-4BEE-864D-D48818E950D0}.Debug|Any CPU.ActiveCfg = Debug|Any CPU
		{20935CE1-9513-4BEE-864D-D48818E950D0}.Debug|Any CPU.Build.0 = Debug|Any CPU
		{20935CE1-9513-4BEE-864D-D48818E950D0}.Release|Any CPU.ActiveCfg = Release|Any CPU
		{20935CE1-9513-4BEE-864D-D48818E950D0}.Release|Any CPU.Build.0 = Release|Any CPU
		{D7E59134-C9FE-4773-9CE0-5A96859BF9DC}.Debug|Any CPU.ActiveCfg = Debug|Any CPU
		{D7E59134-C9FE-4773-9CE0-5A96859BF9DC}.Debug|Any CPU.Build.0 = Debug|Any CPU
		{D7E59134-C9FE-4773-9CE0-5A96859BF9DC}.Release|Any CPU.ActiveCfg = Release|Any CPU
		{D7E59134-C9FE-4773-9CE0-5A96859BF9DC}.Release|Any CPU.Build.0 = Release|Any CPU
		{81E40653-7D6B-4001-BD13-DED6F774D08D}.Debug|Any CPU.ActiveCfg = Debug|Any CPU
		{81E40653-7D6B-4001-BD13-DED6F774D08D}.Debug|Any CPU.Build.0 = Debug|Any CPU
		{81E40653-7D6B-4001-BD13-DED6F774D08D}.Release|Any CPU.ActiveCfg = Release|Any CPU
		{81E40653-7D6B-4001-BD13-DED6F774D08D}.Release|Any CPU.Build.0 = Release|Any CPU
		{4E7E0DC2-2978-4BD8-BC0A-EC97DDD2980C}.Debug|Any CPU.ActiveCfg = Debug|Any CPU
		{4E7E0DC2-2978-4BD8-BC0A-EC97DDD2980C}.Debug|Any CPU.Build.0 = Debug|Any CPU
		{4E7E0DC2-2978-4BD8-BC0A-EC97DDD2980C}.Release|Any CPU.ActiveCfg = Release|Any CPU
		{4E7E0DC2-2978-4BD8-BC0A-EC97DDD2980C}.Release|Any CPU.Build.0 = Release|Any CPU
		{6CEB8CAC-4E3A-4927-A8AE-A7EB9B477D45}.Debug|Any CPU.ActiveCfg = Debug|Any CPU
		{6CEB8CAC-4E3A-4927-A8AE-A7EB9B477D45}.Debug|Any CPU.Build.0 = Debug|Any CPU
		{6CEB8CAC-4E3A-4927-A8AE-A7EB9B477D45}.Release|Any CPU.ActiveCfg = Release|Any CPU
		{6CEB8CAC-4E3A-4927-A8AE-A7EB9B477D45}.Release|Any CPU.Build.0 = Release|Any CPU
		{F43782F9-DE25-41C0-A6FC-E16EFBEB77C4}.Debug|Any CPU.ActiveCfg = Debug|Any CPU
		{F43782F9-DE25-41C0-A6FC-E16EFBEB77C4}.Debug|Any CPU.Build.0 = Debug|Any CPU
		{F43782F9-DE25-41C0-A6FC-E16EFBEB77C4}.Release|Any CPU.ActiveCfg = Release|Any CPU
		{F43782F9-DE25-41C0-A6FC-E16EFBEB77C4}.Release|Any CPU.Build.0 = Release|Any CPU
		{FA433659-65F8-4256-8E3B-CD79AA61B8D9}.Debug|Any CPU.ActiveCfg = Debug|Any CPU
		{FA433659-65F8-4256-8E3B-CD79AA61B8D9}.Debug|Any CPU.Build.0 = Debug|Any CPU
		{FA433659-65F8-4256-8E3B-CD79AA61B8D9}.Release|Any CPU.ActiveCfg = Release|Any CPU
		{FA433659-65F8-4256-8E3B-CD79AA61B8D9}.Release|Any CPU.Build.0 = Release|Any CPU
		{D1093D04-170F-4FB3-953F-562D1C58A697}.Debug|Any CPU.ActiveCfg = Debug|Any CPU
		{D1093D04-170F-4FB3-953F-562D1C58A697}.Debug|Any CPU.Build.0 = Debug|Any CPU
		{D1093D04-170F-4FB3-953F-562D1C58A697}.Release|Any CPU.ActiveCfg = Release|Any CPU
		{D1093D04-170F-4FB3-953F-562D1C58A697}.Release|Any CPU.Build.0 = Release|Any CPU
		{4567778B-22AE-468A-9233-35802DB29159}.Debug|Any CPU.ActiveCfg = Debug|Any CPU
		{4567778B-22AE-468A-9233-35802DB29159}.Debug|Any CPU.Build.0 = Debug|Any CPU
		{4567778B-22AE-468A-9233-35802DB29159}.Release|Any CPU.ActiveCfg = Release|Any CPU
		{4567778B-22AE-468A-9233-35802DB29159}.Release|Any CPU.Build.0 = Release|Any CPU
		{1B17E815-B7D4-4DA0-AE69-1FAEDF1F7573}.Debug|Any CPU.ActiveCfg = Debug|Any CPU
		{1B17E815-B7D4-4DA0-AE69-1FAEDF1F7573}.Debug|Any CPU.Build.0 = Debug|Any CPU
		{1B17E815-B7D4-4DA0-AE69-1FAEDF1F7573}.Release|Any CPU.ActiveCfg = Release|Any CPU
		{1B17E815-B7D4-4DA0-AE69-1FAEDF1F7573}.Release|Any CPU.Build.0 = Release|Any CPU
		{BDDF57CB-9847-4B8E-8FE3-B25E0F7F651F}.Debug|Any CPU.ActiveCfg = Debug|Any CPU
		{BDDF57CB-9847-4B8E-8FE3-B25E0F7F651F}.Debug|Any CPU.Build.0 = Debug|Any CPU
		{BDDF57CB-9847-4B8E-8FE3-B25E0F7F651F}.Release|Any CPU.ActiveCfg = Release|Any CPU
		{BDDF57CB-9847-4B8E-8FE3-B25E0F7F651F}.Release|Any CPU.Build.0 = Release|Any CPU
		{F1A17008-3C2D-442F-A861-BBD483EEAA52}.Debug|Any CPU.ActiveCfg = Debug|Any CPU
		{F1A17008-3C2D-442F-A861-BBD483EEAA52}.Debug|Any CPU.Build.0 = Debug|Any CPU
		{F1A17008-3C2D-442F-A861-BBD483EEAA52}.Release|Any CPU.ActiveCfg = Release|Any CPU
		{F1A17008-3C2D-442F-A861-BBD483EEAA52}.Release|Any CPU.Build.0 = Release|Any CPU
	EndGlobalSection
	GlobalSection(SolutionProperties) = preSolution
		HideSolutionNode = FALSE
	EndGlobalSection
	GlobalSection(ExtensibilityGlobals) = postSolution
		SolutionGuid = {280EF1E0-7343-47D3-8CE3-7B6213FEFFB6}
	EndGlobalSection
EndGlobal
